// !$*UTF8*$!
{
	archiveVersion = 1;
	classes = {
	};
	objectVersion = 50;
	objects = {

/* Begin PBXBuildFile section */
		A66A9F592589A7DF00DCA256 /* main.cpp in Sources */ = {isa = PBXBuildFile; fileRef = A66A9F582589A7DF00DCA256 /* main.cpp */; };
		A66A9F662589C17100DCA256 /* main.cpp in Sources */ = {isa = PBXBuildFile; fileRef = A66A9F652589C17100DCA256 /* main.cpp */; };
/* End PBXBuildFile section */

/* Begin PBXCopyFilesBuildPhase section */
		A66A9F542589A7DF00DCA256 /* CopyFiles */ = {
			isa = PBXCopyFilesBuildPhase;
			buildActionMask = 2147483647;
			dstPath = /usr/share/man/man1/;
			dstSubfolderSpec = 0;
			files = (
			);
			runOnlyForDeploymentPostprocessing = 1;
		};
		A66A9F612589C17100DCA256 /* CopyFiles */ = {
			isa = PBXCopyFilesBuildPhase;
			buildActionMask = 2147483647;
			dstPath = /usr/share/man/man1/;
			dstSubfolderSpec = 0;
			files = (
			);
			runOnlyForDeploymentPostprocessing = 1;
		};
		A6DA3F6825899548007926A6 /* CopyFiles */ = {
			isa = PBXCopyFilesBuildPhase;
			buildActionMask = 2147483647;
			dstPath = /usr/share/man/man1/;
			dstSubfolderSpec = 0;
			files = (
			);
			runOnlyForDeploymentPostprocessing = 1;
		};
/* End PBXCopyFilesBuildPhase section */

/* Begin PBXFileReference section */
		A66A9F562589A7DF00DCA256 /* Reverse the array */ = {isa = PBXFileReference; explicitFileType = "compiled.mach-o.executable"; includeInIndex = 0; path = "Reverse the array"; sourceTree = BUILT_PRODUCTS_DIR; };
		A66A9F582589A7DF00DCA256 /* main.cpp */ = {isa = PBXFileReference; lastKnownFileType = sourcecode.cpp.cpp; path = main.cpp; sourceTree = "<group>"; };
		A66A9F632589C17100DCA256 /* Minimum and maximum of an array */ = {isa = PBXFileReference; explicitFileType = "compiled.mach-o.executable"; includeInIndex = 0; path = "Minimum and maximum of an array"; sourceTree = BUILT_PRODUCTS_DIR; };
		A66A9F652589C17100DCA256 /* main.cpp */ = {isa = PBXFileReference; lastKnownFileType = sourcecode.cpp.cpp; path = main.cpp; sourceTree = "<group>"; };
		A6DA3F6A25899548007926A6 /* Data Structures and Algorithms */ = {isa = PBXFileReference; explicitFileType = "compiled.mach-o.executable"; includeInIndex = 0; path = "Data Structures and Algorithms"; sourceTree = BUILT_PRODUCTS_DIR; };
/* End PBXFileReference section */

/* Begin PBXFrameworksBuildPhase section */
		A66A9F532589A7DF00DCA256 /* Frameworks */ = {
			isa = PBXFrameworksBuildPhase;
			buildActionMask = 2147483647;
			files = (
			);
			runOnlyForDeploymentPostprocessing = 0;
		};
		A66A9F602589C17100DCA256 /* Frameworks */ = {
			isa = PBXFrameworksBuildPhase;
			buildActionMask = 2147483647;
			files = (
			);
			runOnlyForDeploymentPostprocessing = 0;
		};
		A6DA3F6725899548007926A6 /* Frameworks */ = {
			isa = PBXFrameworksBuildPhase;
			buildActionMask = 2147483647;
			files = (
			);
			runOnlyForDeploymentPostprocessing = 0;
		};
/* End PBXFrameworksBuildPhase section */

/* Begin PBXGroup section */
		A66A9F572589A7DF00DCA256 /* Reverse the array */ = {
			isa = PBXGroup;
			children = (
				A66A9F582589A7DF00DCA256 /* main.cpp */,
			);
			path = "Reverse the array";
			sourceTree = "<group>";
		};
		A66A9F642589C17100DCA256 /* Minimum and maximum of an array */ = {
			isa = PBXGroup;
			children = (
				A66A9F652589C17100DCA256 /* main.cpp */,
			);
			path = "Minimum and maximum of an array";
			sourceTree = "<group>";
		};
		A6DA3F6125899548007926A6 = {
			isa = PBXGroup;
			children = (
				A66A9F572589A7DF00DCA256 /* Reverse the array */,
				A66A9F642589C17100DCA256 /* Minimum and maximum of an array */,
				A6DA3F6B25899548007926A6 /* Products */,
			);
			sourceTree = "<group>";
		};
		A6DA3F6B25899548007926A6 /* Products */ = {
			isa = PBXGroup;
			children = (
				A6DA3F6A25899548007926A6 /* Data Structures and Algorithms */,
				A66A9F562589A7DF00DCA256 /* Reverse the array */,
				A66A9F632589C17100DCA256 /* Minimum and maximum of an array */,
			);
			name = Products;
			sourceTree = "<group>";
		};
/* End PBXGroup section */

/* Begin PBXNativeTarget section */
		A66A9F552589A7DF00DCA256 /* Reverse the array */ = {
			isa = PBXNativeTarget;
			buildConfigurationList = A66A9F5C2589A7DF00DCA256 /* Build configuration list for PBXNativeTarget "Reverse the array" */;
			buildPhases = (
				A66A9F522589A7DF00DCA256 /* Sources */,
				A66A9F532589A7DF00DCA256 /* Frameworks */,
				A66A9F542589A7DF00DCA256 /* CopyFiles */,
			);
			buildRules = (
			);
			dependencies = (
			);
			name = "Reverse the array";
			productName = "Reverse the array";
			productReference = A66A9F562589A7DF00DCA256 /* Reverse the array */;
			productType = "com.apple.product-type.tool";
		};
		A66A9F622589C17100DCA256 /* Minimum and maximum of an array */ = {
			isa = PBXNativeTarget;
			buildConfigurationList = A66A9F672589C17100DCA256 /* Build configuration list for PBXNativeTarget "Minimum and maximum of an array" */;
			buildPhases = (
				A66A9F5F2589C17100DCA256 /* Sources */,
				A66A9F602589C17100DCA256 /* Frameworks */,
				A66A9F612589C17100DCA256 /* CopyFiles */,
			);
			buildRules = (
			);
			dependencies = (
			);
			name = "Minimum and maximum of an array";
			productName = "Minimum and maximum of an array";
			productReference = A66A9F632589C17100DCA256 /* Minimum and maximum of an array */;
			productType = "com.apple.product-type.tool";
		};
		A6DA3F6925899548007926A6 /* Data Structures and Algorithms */ = {
			isa = PBXNativeTarget;
			buildConfigurationList = A6DA3F7125899548007926A6 /* Build configuration list for PBXNativeTarget "Data Structures and Algorithms" */;
			buildPhases = (
				A6DA3F6625899548007926A6 /* Sources */,
				A6DA3F6725899548007926A6 /* Frameworks */,
				A6DA3F6825899548007926A6 /* CopyFiles */,
			);
			buildRules = (
			);
			dependencies = (
			);
			name = "Data Structures and Algorithms";
			productName = "Data Structures and Algorithms";
			productReference = A6DA3F6A25899548007926A6 /* Data Structures and Algorithms */;
			productType = "com.apple.product-type.tool";
		};
/* End PBXNativeTarget section */

/* Begin PBXProject section */
		A6DA3F6225899548007926A6 /* Project object */ = {
			isa = PBXProject;
			attributes = {
				LastUpgradeCheck = 1230;
				TargetAttributes = {
					A66A9F552589A7DF00DCA256 = {
						CreatedOnToolsVersion = 12.3;
					};
					A66A9F622589C17100DCA256 = {
						CreatedOnToolsVersion = 12.3;
					};
					A6DA3F6925899548007926A6 = {
						CreatedOnToolsVersion = 12.3;
					};
				};
			};
			buildConfigurationList = A6DA3F6525899548007926A6 /* Build configuration list for PBXProject "Data Structures and Algorithms" */;
			compatibilityVersion = "Xcode 9.3";
			developmentRegion = en;
			hasScannedForEncodings = 0;
			knownRegions = (
				en,
				Base,
			);
			mainGroup = A6DA3F6125899548007926A6;
			productRefGroup = A6DA3F6B25899548007926A6 /* Products */;
			projectDirPath = "";
			projectRoot = "";
			targets = (
				A6DA3F6925899548007926A6 /* Data Structures and Algorithms */,
				A66A9F552589A7DF00DCA256 /* Reverse the array */,
				A66A9F622589C17100DCA256 /* Minimum and maximum of an array */,
			);
		};
/* End PBXProject section */

/* Begin PBXSourcesBuildPhase section */
		A66A9F522589A7DF00DCA256 /* Sources */ = {
			isa = PBXSourcesBuildPhase;
			buildActionMask = 2147483647;
			files = (
				A66A9F592589A7DF00DCA256 /* main.cpp in Sources */,
			);
			runOnlyForDeploymentPostprocessing = 0;
		};
		A66A9F5F2589C17100DCA256 /* Sources */ = {
			isa = PBXSourcesBuildPhase;
			buildActionMask = 2147483647;
			files = (
				A66A9F662589C17100DCA256 /* main.cpp in Sources */,
			);
			runOnlyForDeploymentPostprocessing = 0;
		};
		A6DA3F6625899548007926A6 /* Sources */ = {
			isa = PBXSourcesBuildPhase;
			buildActionMask = 2147483647;
			files = (
			);
			runOnlyForDeploymentPostprocessing = 0;
		};
/* End PBXSourcesBuildPhase section */

/* Begin XCBuildConfiguration section */
		A66A9F5A2589A7DF00DCA256 /* Debug */ = {
			isa = XCBuildConfiguration;
			buildSettings = {
				CODE_SIGN_STYLE = Automatic;
				PRODUCT_NAME = "$(TARGET_NAME)";
			};
			name = Debug;
		};
		A66A9F5B2589A7DF00DCA256 /* Release */ = {
			isa = XCBuildConfiguration;
			buildSettings = {
				CODE_SIGN_STYLE = Automatic;
				PRODUCT_NAME = "$(TARGET_NAME)";
			};
			name = Release;
		};
		A66A9F682589C17100DCA256 /* Debug */ = {
			isa = XCBuildConfiguration;
			buildSettings = {
				CODE_SIGN_STYLE = Automatic;
				PRODUCT_NAME = "$(TARGET_NAME)";
			};
			name = Debug;
		};
		A66A9F692589C17100DCA256 /* Release */ = {
			isa = XCBuildConfiguration;
			buildSettings = {
				CODE_SIGN_STYLE = Automatic;
				PRODUCT_NAME = "$(TARGET_NAME)";
			};
			name = Release;
		};
		A6DA3F6F25899548007926A6 /* Debug */ = {
			isa = XCBuildConfiguration;
			buildSettings = {
				ALWAYS_SEARCH_USER_PATHS = NO;
				CLANG_ANALYZER_NONNULL = YES;
				CLANG_ANALYZER_NUMBER_OBJECT_CONVERSION = YES_AGGRESSIVE;
				CLANG_CXX_LANGUAGE_STANDARD = "gnu++14";
				CLANG_CXX_LIBRARY = "libc++";
				CLANG_ENABLE_MODULES = YES;
				CLANG_ENABLE_OBJC_ARC = YES;
				CLANG_ENABLE_OBJC_WEAK = YES;
				CLANG_WARN_BLOCK_CAPTURE_AUTORELEASING = YES;
				CLANG_WARN_BOOL_CONVERSION = YES;
				CLANG_WARN_COMMA = YES;
				CLANG_WARN_CONSTANT_CONVERSION = YES;
				CLANG_WARN_DEPRECATED_OBJC_IMPLEMENTATIONS = YES;
				CLANG_WARN_DIRECT_OBJC_ISA_USAGE = YES_ERROR;
				CLANG_WARN_DOCUMENTATION_COMMENTS = YES;
				CLANG_WARN_EMPTY_BODY = YES;
				CLANG_WARN_ENUM_CONVERSION = YES;
				CLANG_WARN_INFINITE_RECURSION = YES;
				CLANG_WARN_INT_CONVERSION = YES;
				CLANG_WARN_NON_LITERAL_NULL_CONVERSION = YES;
				CLANG_WARN_OBJC_IMPLICIT_RETAIN_SELF = YES;
				CLANG_WARN_OBJC_LITERAL_CONVERSION = YES;
				CLANG_WARN_OBJC_ROOT_CLASS = YES_ERROR;
				CLANG_WARN_QUOTED_INCLUDE_IN_FRAMEWORK_HEADER = YES;
				CLANG_WARN_RANGE_LOOP_ANALYSIS = YES;
				CLANG_WARN_STRICT_PROTOTYPES = YES;
				CLANG_WARN_SUSPICIOUS_MOVE = YES;
				CLANG_WARN_UNGUARDED_AVAILABILITY = YES_AGGRESSIVE;
				CLANG_WARN_UNREACHABLE_CODE = YES;
				CLANG_WARN__DUPLICATE_METHOD_MATCH = YES;
				COPY_PHASE_STRIP = NO;
				DEBUG_INFORMATION_FORMAT = dwarf;
				ENABLE_STRICT_OBJC_MSGSEND = YES;
				ENABLE_TESTABILITY = YES;
				GCC_C_LANGUAGE_STANDARD = gnu11;
				GCC_DYNAMIC_NO_PIC = NO;
				GCC_NO_COMMON_BLOCKS = YES;
				GCC_OPTIMIZATION_LEVEL = 0;
				GCC_PREPROCESSOR_DEFINITIONS = (
					"DEBUG=1",
					"$(inherited)",
				);
				GCC_WARN_64_TO_32_BIT_CONVERSION = YES;
				GCC_WARN_ABOUT_RETURN_TYPE = YES_ERROR;
				GCC_WARN_UNDECLARED_SELECTOR = YES;
				GCC_WARN_UNINITIALIZED_AUTOS = YES_AGGRESSIVE;
				GCC_WARN_UNUSED_FUNCTION = YES;
				GCC_WARN_UNUSED_VARIABLE = YES;
				MACOSX_DEPLOYMENT_TARGET = 11.1;
				MTL_ENABLE_DEBUG_INFO = INCLUDE_SOURCE;
				MTL_FAST_MATH = YES;
				ONLY_ACTIVE_ARCH = YES;
				SDKROOT = macosx;
			};
			name = Debug;
		};
		A6DA3F7025899548007926A6 /* Release */ = {
			isa = XCBuildConfiguration;
			buildSettings = {
				ALWAYS_SEARCH_USER_PATHS = NO;
				CLANG_ANALYZER_NONNULL = YES;
				CLANG_ANALYZER_NUMBER_OBJECT_CONVERSION = YES_AGGRESSIVE;
				CLANG_CXX_LANGUAGE_STANDARD = "gnu++14";
				CLANG_CXX_LIBRARY = "libc++";
				CLANG_ENABLE_MODULES = YES;
				CLANG_ENABLE_OBJC_ARC = YES;
				CLANG_ENABLE_OBJC_WEAK = YES;
				CLANG_WARN_BLOCK_CAPTURE_AUTORELEASING = YES;
				CLANG_WARN_BOOL_CONVERSION = YES;
				CLANG_WARN_COMMA = YES;
				CLANG_WARN_CONSTANT_CONVERSION = YES;
				CLANG_WARN_DEPRECATED_OBJC_IMPLEMENTATIONS = YES;
				CLANG_WARN_DIRECT_OBJC_ISA_USAGE = YES_ERROR;
				CLANG_WARN_DOCUMENTATION_COMMENTS = YES;
				CLANG_WARN_EMPTY_BODY = YES;
				CLANG_WARN_ENUM_CONVERSION = YES;
				CLANG_WARN_INFINITE_RECURSION = YES;
				CLANG_WARN_INT_CONVERSION = YES;
				CLANG_WARN_NON_LITERAL_NULL_CONVERSION = YES;
				CLANG_WARN_OBJC_IMPLICIT_RETAIN_SELF = YES;
				CLANG_WARN_OBJC_LITERAL_CONVERSION = YES;
				CLANG_WARN_OBJC_ROOT_CLASS = YES_ERROR;
				CLANG_WARN_QUOTED_INCLUDE_IN_FRAMEWORK_HEADER = YES;
				CLANG_WARN_RANGE_LOOP_ANALYSIS = YES;
				CLANG_WARN_STRICT_PROTOTYPES = YES;
				CLANG_WARN_SUSPICIOUS_MOVE = YES;
				CLANG_WARN_UNGUARDED_AVAILABILITY = YES_AGGRESSIVE;
				CLANG_WARN_UNREACHABLE_CODE = YES;
				CLANG_WARN__DUPLICATE_METHOD_MATCH = YES;
				COPY_PHASE_STRIP = NO;
				DEBUG_INFORMATION_FORMAT = "dwarf-with-dsym";
				ENABLE_NS_ASSERTIONS = NO;
				ENABLE_STRICT_OBJC_MSGSEND = YES;
				GCC_C_LANGUAGE_STANDARD = gnu11;
				GCC_NO_COMMON_BLOCKS = YES;
				GCC_WARN_64_TO_32_BIT_CONVERSION = YES;
				GCC_WARN_ABOUT_RETURN_TYPE = YES_ERROR;
				GCC_WARN_UNDECLARED_SELECTOR = YES;
				GCC_WARN_UNINITIALIZED_AUTOS = YES_AGGRESSIVE;
				GCC_WARN_UNUSED_FUNCTION = YES;
				GCC_WARN_UNUSED_VARIABLE = YES;
				MACOSX_DEPLOYMENT_TARGET = 11.1;
				MTL_ENABLE_DEBUG_INFO = NO;
				MTL_FAST_MATH = YES;
				SDKROOT = macosx;
			};
			name = Release;
		};
		A6DA3F7225899548007926A6 /* Debug */ = {
			isa = XCBuildConfiguration;
			buildSettings = {
				CODE_SIGN_STYLE = Automatic;
				PRODUCT_NAME = "$(TARGET_NAME)";
			};
			name = Debug;
		};
		A6DA3F7325899548007926A6 /* Release */ = {
			isa = XCBuildConfiguration;
			buildSettings = {
				CODE_SIGN_STYLE = Automatic;
				PRODUCT_NAME = "$(TARGET_NAME)";
			};
			name = Release;
		};
/* End XCBuildConfiguration section */

/* Begin XCConfigurationList section */
		A66A9F5C2589A7DF00DCA256 /* Build configuration list for PBXNativeTarget "Reverse the array" */ = {
			isa = XCConfigurationList;
			buildConfigurations = (
				A66A9F5A2589A7DF00DCA256 /* Debug */,
				A66A9F5B2589A7DF00DCA256 /* Release */,
			);
			defaultConfigurationIsVisible = 0;
			defaultConfigurationName = Release;
		};
		A66A9F672589C17100DCA256 /* Build configuration list for PBXNativeTarget "Minimum and maximum of an array" */ = {
			isa = XCConfigurationList;
			buildConfigurations = (
				A66A9F682589C17100DCA256 /* Debug */,
				A66A9F692589C17100DCA256 /* Release */,
			);
			defaultConfigurationIsVisible = 0;
			defaultConfigurationName = Release;
		};
		A6DA3F6525899548007926A6 /* Build configuration list for PBXProject "Data Structures and Algorithms" */ = {
			isa = XCConfigurationList;
			buildConfigurations = (
				A6DA3F6F25899548007926A6 /* Debug */,
				A6DA3F7025899548007926A6 /* Release */,
			);
			defaultConfigurationIsVisible = 0;
			defaultConfigurationName = Release;
		};
		A6DA3F7125899548007926A6 /* Build configuration list for PBXNativeTarget "Data Structures and Algorithms" */ = {
			isa = XCConfigurationList;
			buildConfigurations = (
				A6DA3F7225899548007926A6 /* Debug */,
				A6DA3F7325899548007926A6 /* Release */,
			);
			defaultConfigurationIsVisible = 0;
			defaultConfigurationName = Release;
		};
/* End XCConfigurationList section */
	};
	rootObject = A6DA3F6225899548007926A6 /* Project object */;
}
